{
  "version": 4,
  "terraform_version": "1.10.5",
  "serial": 6,
  "lineage": "f9982088-7dcf-6fd3-df32-088bdb68be87",
  "outputs": {
    "kms_key_arn": {
      "value": "arn:aws:kms:us-east-2:492811607193:key/5bacbcc2-8ec9-4ee3-8d0e-9fed557fe83b",
      "type": "string"
    },
    "kms_key_id": {
      "value": "5bacbcc2-8ec9-4ee3-8d0e-9fed557fe83b",
      "type": "string"
    },
    "sns_topic_arn": {
      "value": "arn:aws:sns:us-east-2:492811607193:nautilus-sns-test",
      "type": "string"
    },
    "sns_topic_name": {
      "value": "nautilus-sns-test",
      "type": "string"
    }
  },
  "resources": [
    {
      "module": "module.sns",
      "mode": "managed",
      "type": "aws_kms_alias",
      "name": "sns_encryption_key_alias",
      "provider": "module.sns.provider[\"registry.terraform.io/hashicorp/aws\"]",
      "instances": [
        {
          "index_key": 0,
          "schema_version": 0,
          "attributes": {
            "arn": "arn:aws:kms:us-east-2:492811607193:alias/nautilus-sns-key",
            "id": "alias/nautilus-sns-key",
            "name": "alias/nautilus-sns-key",
            "name_prefix": "",
            "target_key_arn": "arn:aws:kms:us-east-2:492811607193:key/5bacbcc2-8ec9-4ee3-8d0e-9fed557fe83b",
            "target_key_id": "5bacbcc2-8ec9-4ee3-8d0e-9fed557fe83b"
          },
          "sensitive_attributes": [],
          "private": "bnVsbA==",
          "dependencies": [
            "module.sns.aws_kms_key.sns_encryption_key"
          ]
        }
      ]
    },
    {
      "module": "module.sns",
      "mode": "managed",
      "type": "aws_kms_key",
      "name": "sns_encryption_key",
      "provider": "module.sns.provider[\"registry.terraform.io/hashicorp/aws\"]",
      "instances": [
        {
          "index_key": 0,
          "schema_version": 0,
          "attributes": {
            "arn": "arn:aws:kms:us-east-2:492811607193:key/5bacbcc2-8ec9-4ee3-8d0e-9fed557fe83b",
            "bypass_policy_lockout_safety_check": false,
            "custom_key_store_id": "",
            "customer_master_key_spec": "SYMMETRIC_DEFAULT",
            "deletion_window_in_days": 7,
            "description": "KMS key for SNS topic encryption",
            "enable_key_rotation": true,
            "id": "5bacbcc2-8ec9-4ee3-8d0e-9fed557fe83b",
            "is_enabled": true,
            "key_id": "5bacbcc2-8ec9-4ee3-8d0e-9fed557fe83b",
            "key_usage": "ENCRYPT_DECRYPT",
            "multi_region": false,
            "policy": "{\"Id\":\"sns-key-policy\",\"Statement\":[{\"Action\":\"kms:*\",\"Effect\":\"Allow\",\"Principal\":{\"AWS\":\"*\"},\"Resource\":\"*\",\"Sid\":\"Enable IAM User Permissions\"},{\"Action\":[\"kms:GenerateDataKey\",\"kms:Decrypt\"],\"Effect\":\"Allow\",\"Principal\":{\"Service\":\"sns.amazonaws.com\"},\"Resource\":\"*\",\"Sid\":\"Allow SNS to use the key\"}],\"Version\":\"2012-10-17\"}",
            "rotation_period_in_days": 365,
            "tags": {
              "Environment": "production",
              "Name": "sns-encryption-key"
            },
            "tags_all": {
              "Environment": "production",
              "Name": "sns-encryption-key"
            },
            "timeouts": null,
            "xks_key_id": ""
          },
          "sensitive_attributes": [],
          "private": "eyJlMmJmYjczMC1lY2FhLTExZTYtOGY4OC0zNDM2M2JjN2M0YzAiOnsiY3JlYXRlIjoxMjAwMDAwMDAwMDB9fQ=="
        }
      ]
    },
    {
      "module": "module.sns",
      "mode": "managed",
      "type": "aws_sns_topic",
      "name": "encrypted_topic",
      "provider": "module.sns.provider[\"registry.terraform.io/hashicorp/aws\"]",
      "instances": [
        {
          "schema_version": 0,
          "attributes": {
            "application_failure_feedback_role_arn": "",
            "application_success_feedback_role_arn": "",
            "application_success_feedback_sample_rate": 0,
            "archive_policy": "",
            "arn": "arn:aws:sns:us-east-2:492811607193:nautilus-sns-test",
            "beginning_archive_time": "",
            "content_based_deduplication": false,
            "delivery_policy": "",
            "display_name": "",
            "fifo_throughput_scope": "",
            "fifo_topic": false,
            "firehose_failure_feedback_role_arn": "",
            "firehose_success_feedback_role_arn": "",
            "firehose_success_feedback_sample_rate": 0,
            "http_failure_feedback_role_arn": "",
            "http_success_feedback_role_arn": "",
            "http_success_feedback_sample_rate": 0,
            "id": "arn:aws:sns:us-east-2:492811607193:nautilus-sns-test",
            "kms_master_key_id": "5bacbcc2-8ec9-4ee3-8d0e-9fed557fe83b",
            "lambda_failure_feedback_role_arn": "",
            "lambda_success_feedback_role_arn": "",
            "lambda_success_feedback_sample_rate": 0,
            "name": "nautilus-sns-test",
            "name_prefix": "",
            "owner": "492811607193",
            "policy": "{\"Id\":\"__default_policy_ID\",\"Statement\":[{\"Action\":[\"SNS:GetTopicAttributes\",\"SNS:SetTopicAttributes\",\"SNS:AddPermission\",\"SNS:RemovePermission\",\"SNS:DeleteTopic\",\"SNS:Subscribe\",\"SNS:ListSubscriptionsByTopic\",\"SNS:Publish\"],\"Condition\":{\"StringEquals\":{\"AWS:SourceOwner\":\"492811607193\"}},\"Effect\":\"Allow\",\"Principal\":{\"AWS\":\"*\"},\"Resource\":\"arn:aws:sns:us-east-2:492811607193:nautilus-sns-test\",\"Sid\":\"__default_statement_ID\"}],\"Version\":\"2008-10-17\"}",
            "signature_version": 0,
            "sqs_failure_feedback_role_arn": "",
            "sqs_success_feedback_role_arn": "",
            "sqs_success_feedback_sample_rate": 0,
            "tags": {
              "Environment": "production",
              "Name": "encrypted-sns-topic"
            },
            "tags_all": {
              "Environment": "production",
              "Name": "encrypted-sns-topic"
            },
            "tracing_config": ""
          },
          "sensitive_attributes": [],
          "private": "bnVsbA==",
          "dependencies": [
            "module.sns.aws_kms_key.sns_encryption_key"
          ]
        }
      ]
    }
  ],
  "check_results": null
}
